
Microsoft Visual Studio Solution File, Format Version 12.00
# Visual Studio Version 17
VisualStudioVersion = 17.1.32421.90
MinimumVisualStudioVersion = 10.0.40219.1
Project("{888888A0-9F3D-457C-B088-3A5042F75D52}") = "portfolio", "portfolio.pyproj", "{B62F5A65-3039-47B9-967E-055BBA664000}"
EndProject
Global
	GlobalSection(SolutionConfigurationPlatforms) = preSolution
		Debug|Any CPU = Debug|Any CPU
		Release|Any CPU = Release|Any CPU
	EndGlobalSection
	GlobalSection(ProjectConfigurationPlatforms) = postSolution
		{B62F5A65-3039-47B9-967E-055BBA664000}.Debug|Any CPU.ActiveCfg = Debug|Any CPU
		{B62F5A65-3039-47B9-967E-055BBA664000}.Debug|Any CPU.Build.0 = Debug|Any CPU
		{B62F5A65-3039-47B9-967E-055BBA664000}.Release|Any CPU.ActiveCfg = Release|Any CPU
		{B62F5A65-3039-47B9-967E-055BBA664000}.Release|Any CPU.Build.0 = Release|Any CPU
	EndGlobalSection
	GlobalSection(SolutionProperties) = preSolution
		HideSolutionNode = FALSE
	EndGlobalSection
	GlobalSection(ExtensibilityGlobals) = postSolution
		SolutionGuid = {5BEFAEA6-7D8A-4596-A064-B1102049BCC3}
	EndGlobalSection
EndGlobal
